// !$*UTF8*$!
{
	archiveVersion = 1;
	classes = {
	};
	objectVersion = 56;
	objects = {

/* Begin PBXBuildFile section */
		632E0AA829C0F1510097DF6D /* ForgotPasswordViewController.swift in Sources */ = {isa = PBXBuildFile; fileRef = 632E0AA729C0F1510097DF6D /* ForgotPasswordViewController.swift */; };
		632E0AAA29C0F1650097DF6D /* ForgotPassword.storyboard in Resources */ = {isa = PBXBuildFile; fileRef = 632E0AA929C0F1650097DF6D /* ForgotPassword.storyboard */; };
		63D6692B29C004ED004689EA /* ProfileViewController.swift in Sources */ = {isa = PBXBuildFile; fileRef = 63D6692A29C004ED004689EA /* ProfileViewController.swift */; };
		63D6692D29C0052D004689EA /* Profile.storyboard in Resources */ = {isa = PBXBuildFile; fileRef = 63D6692C29C0052D004689EA /* Profile.storyboard */; };
		713AFBE029B6CD5300A7AEB1 /* HomeScreen.swift in Sources */ = {isa = PBXBuildFile; fileRef = 713AFBDF29B6CD5300A7AEB1 /* HomeScreen.swift */; };
		713AFBE329B6CE8000A7AEB1 /* UITextField.swift in Sources */ = {isa = PBXBuildFile; fileRef = 713AFBE229B6CE8000A7AEB1 /* UITextField.swift */; };
		713AFBE829B6CFF200A7AEB1 /* Types.swift in Sources */ = {isa = PBXBuildFile; fileRef = 713AFBE729B6CFF200A7AEB1 /* Types.swift */; };
		718D464329B6A95000A4429D /* HomeViewController.swift in Sources */ = {isa = PBXBuildFile; fileRef = 718D464229B6A95000A4429D /* HomeViewController.swift */; };
		71995E2329C2E30500EE4E94 /* TabBarController.swift in Sources */ = {isa = PBXBuildFile; fileRef = 71995E2229C2E30500EE4E94 /* TabBarController.swift */; };
		71995E2629C2E35B00EE4E94 /* FavoriteController.swift in Sources */ = {isa = PBXBuildFile; fileRef = 71995E2529C2E35B00EE4E94 /* FavoriteController.swift */; };
		71995E2829C2E42800EE4E94 /* PerfilViewController.swift in Sources */ = {isa = PBXBuildFile; fileRef = 71995E2729C2E42800EE4E94 /* PerfilViewController.swift */; };
		71995E2A29C2E6F200EE4E94 /* FamousTableViewCellScreen.swift in Sources */ = {isa = PBXBuildFile; fileRef = 71995E2929C2E6F200EE4E94 /* FamousTableViewCellScreen.swift */; };
		71995E2C29C2E71700EE4E94 /* FamousTableViewCell.swift in Sources */ = {isa = PBXBuildFile; fileRef = 71995E2B29C2E71700EE4E94 /* FamousTableViewCell.swift */; };
		71995E3229C303D900EE4E94 /* NewsCollectionViewCellScreen.swift in Sources */ = {isa = PBXBuildFile; fileRef = 71995E3129C303D900EE4E94 /* NewsCollectionViewCellScreen.swift */; };
		71995E3429C303FF00EE4E94 /* NewsCollectionViewCell.swift in Sources */ = {isa = PBXBuildFile; fileRef = 71995E3329C303FF00EE4E94 /* NewsCollectionViewCell.swift */; };
		71995E3629C3042700EE4E94 /* NewsTableViewCellScreen.swift in Sources */ = {isa = PBXBuildFile; fileRef = 71995E3529C3042700EE4E94 /* NewsTableViewCellScreen.swift */; };
		71995E3829C33DE500EE4E94 /* NewsTableViewCell.swift in Sources */ = {isa = PBXBuildFile; fileRef = 71995E3729C33DE500EE4E94 /* NewsTableViewCell.swift */; };
		71995E8C29C34F5900EE4E94 /* News.swift in Sources */ = {isa = PBXBuildFile; fileRef = 71995E8B29C34F5900EE4E94 /* News.swift */; };
		71995E9229C3547B00EE4E94 /* TypesCollectionViewCellScreen2.swift in Sources */ = {isa = PBXBuildFile; fileRef = 71995E9129C3547B00EE4E94 /* TypesCollectionViewCellScreen2.swift */; };
		71995E9429C354B700EE4E94 /* TypesCollectionViewCell2.swift in Sources */ = {isa = PBXBuildFile; fileRef = 71995E9329C354B700EE4E94 /* TypesCollectionViewCell2.swift */; };
		71995E9629C354FB00EE4E94 /* TypesTableViewCellScreen2.swift in Sources */ = {isa = PBXBuildFile; fileRef = 71995E9529C354FB00EE4E94 /* TypesTableViewCellScreen2.swift */; };
		71995E9829C3551200EE4E94 /* TypesTableViewCell2.swift in Sources */ = {isa = PBXBuildFile; fileRef = 71995E9729C3551200EE4E94 /* TypesTableViewCell2.swift */; };
		71B9D61A29B7D5D700641097 /* TypesCollectionViewCell.swift in Sources */ = {isa = PBXBuildFile; fileRef = 71B9D61929B7D5D700641097 /* TypesCollectionViewCell.swift */; };
		71B9D61C29B7D5F800641097 /* TypesCollectionViewCellScreen.swift in Sources */ = {isa = PBXBuildFile; fileRef = 71B9D61B29B7D5F800641097 /* TypesCollectionViewCellScreen.swift */; };
		71B9D61F29B7DC6C00641097 /* FamousCollectionViewCellScreen.swift in Sources */ = {isa = PBXBuildFile; fileRef = 71B9D61E29B7DC6C00641097 /* FamousCollectionViewCellScreen.swift */; };
		71B9D62129B7DC7B00641097 /* FamousCollectionViewCell.swift in Sources */ = {isa = PBXBuildFile; fileRef = 71B9D62029B7DC7B00641097 /* FamousCollectionViewCell.swift */; };
		71B9D62329B7DC9B00641097 /* Famous.swift in Sources */ = {isa = PBXBuildFile; fileRef = 71B9D62229B7DC9B00641097 /* Famous.swift */; };
		71B9D64029BA96BE00641097 /* Home.swift in Sources */ = {isa = PBXBuildFile; fileRef = 71B9D63F29BA96BE00641097 /* Home.swift */; };
		71B9D64329BA9DC200641097 /* TypesTableViewCell.swift in Sources */ = {isa = PBXBuildFile; fileRef = 71B9D64229BA9DC200641097 /* TypesTableViewCell.swift */; };
		71B9D64529BA9E2900641097 /* TypesTableViewCellScreen.swift in Sources */ = {isa = PBXBuildFile; fileRef = 71B9D64429BA9E2900641097 /* TypesTableViewCellScreen.swift */; };
		79717D9229B68E930061AEBC /* AppDelegate.swift in Sources */ = {isa = PBXBuildFile; fileRef = 79717D9129B68E930061AEBC /* AppDelegate.swift */; };
		79717D9429B68E930061AEBC /* SceneDelegate.swift in Sources */ = {isa = PBXBuildFile; fileRef = 79717D9329B68E930061AEBC /* SceneDelegate.swift */; };
		79717D9629B68E930061AEBC /* ViewController.swift in Sources */ = {isa = PBXBuildFile; fileRef = 79717D9529B68E930061AEBC /* ViewController.swift */; };
		79717D9929B68E930061AEBC /* Main.storyboard in Resources */ = {isa = PBXBuildFile; fileRef = 79717D9729B68E930061AEBC /* Main.storyboard */; };
		79717D9B29B68E950061AEBC /* Assets.xcassets in Resources */ = {isa = PBXBuildFile; fileRef = 79717D9A29B68E950061AEBC /* Assets.xcassets */; };
		79717D9E29B68E950061AEBC /* LaunchScreen.storyboard in Resources */ = {isa = PBXBuildFile; fileRef = 79717D9C29B68E950061AEBC /* LaunchScreen.storyboard */; };
/* End PBXBuildFile section */

/* Begin PBXFileReference section */
		632E0AA729C0F1510097DF6D /* ForgotPasswordViewController.swift */ = {isa = PBXFileReference; lastKnownFileType = sourcecode.swift; path = ForgotPasswordViewController.swift; sourceTree = "<group>"; };
		632E0AA929C0F1650097DF6D /* ForgotPassword.storyboard */ = {isa = PBXFileReference; lastKnownFileType = file.storyboard; path = ForgotPassword.storyboard; sourceTree = "<group>"; };
		63D6692A29C004ED004689EA /* ProfileViewController.swift */ = {isa = PBXFileReference; lastKnownFileType = sourcecode.swift; path = ProfileViewController.swift; sourceTree = "<group>"; };
		63D6692C29C0052D004689EA /* Profile.storyboard */ = {isa = PBXFileReference; lastKnownFileType = file.storyboard; path = Profile.storyboard; sourceTree = "<group>"; };
		713AFBDF29B6CD5300A7AEB1 /* HomeScreen.swift */ = {isa = PBXFileReference; lastKnownFileType = sourcecode.swift; path = HomeScreen.swift; sourceTree = "<group>"; };
		713AFBE229B6CE8000A7AEB1 /* UITextField.swift */ = {isa = PBXFileReference; lastKnownFileType = sourcecode.swift; path = UITextField.swift; sourceTree = "<group>"; };
		713AFBE729B6CFF200A7AEB1 /* Types.swift */ = {isa = PBXFileReference; lastKnownFileType = sourcecode.swift; path = Types.swift; sourceTree = "<group>"; };
		718D464229B6A95000A4429D /* HomeViewController.swift */ = {isa = PBXFileReference; lastKnownFileType = sourcecode.swift; path = HomeViewController.swift; sourceTree = "<group>"; };
		71995E2229C2E30500EE4E94 /* TabBarController.swift */ = {isa = PBXFileReference; lastKnownFileType = sourcecode.swift; path = TabBarController.swift; sourceTree = "<group>"; };
		71995E2529C2E35B00EE4E94 /* FavoriteController.swift */ = {isa = PBXFileReference; lastKnownFileType = sourcecode.swift; path = FavoriteController.swift; sourceTree = "<group>"; };
		71995E2729C2E42800EE4E94 /* PerfilViewController.swift */ = {isa = PBXFileReference; lastKnownFileType = sourcecode.swift; path = PerfilViewController.swift; sourceTree = "<group>"; };
		71995E2929C2E6F200EE4E94 /* FamousTableViewCellScreen.swift */ = {isa = PBXFileReference; lastKnownFileType = sourcecode.swift; path = FamousTableViewCellScreen.swift; sourceTree = "<group>"; };
		71995E2B29C2E71700EE4E94 /* FamousTableViewCell.swift */ = {isa = PBXFileReference; lastKnownFileType = sourcecode.swift; path = FamousTableViewCell.swift; sourceTree = "<group>"; };
		71995E3129C303D900EE4E94 /* NewsCollectionViewCellScreen.swift */ = {isa = PBXFileReference; lastKnownFileType = sourcecode.swift; path = NewsCollectionViewCellScreen.swift; sourceTree = "<group>"; };
		71995E3329C303FF00EE4E94 /* NewsCollectionViewCell.swift */ = {isa = PBXFileReference; lastKnownFileType = sourcecode.swift; path = NewsCollectionViewCell.swift; sourceTree = "<group>"; };
		71995E3529C3042700EE4E94 /* NewsTableViewCellScreen.swift */ = {isa = PBXFileReference; lastKnownFileType = sourcecode.swift; path = NewsTableViewCellScreen.swift; sourceTree = "<group>"; };
		71995E3729C33DE500EE4E94 /* NewsTableViewCell.swift */ = {isa = PBXFileReference; lastKnownFileType = sourcecode.swift; path = NewsTableViewCell.swift; sourceTree = "<group>"; };
		71995E8B29C34F5900EE4E94 /* News.swift */ = {isa = PBXFileReference; lastKnownFileType = sourcecode.swift; path = News.swift; sourceTree = "<group>"; };
		71995E9129C3547B00EE4E94 /* TypesCollectionViewCellScreen2.swift */ = {isa = PBXFileReference; lastKnownFileType = sourcecode.swift; path = TypesCollectionViewCellScreen2.swift; sourceTree = "<group>"; };
		71995E9329C354B700EE4E94 /* TypesCollectionViewCell2.swift */ = {isa = PBXFileReference; lastKnownFileType = sourcecode.swift; path = TypesCollectionViewCell2.swift; sourceTree = "<group>"; };
		71995E9529C354FB00EE4E94 /* TypesTableViewCellScreen2.swift */ = {isa = PBXFileReference; lastKnownFileType = sourcecode.swift; path = TypesTableViewCellScreen2.swift; sourceTree = "<group>"; };
		71995E9729C3551200EE4E94 /* TypesTableViewCell2.swift */ = {isa = PBXFileReference; lastKnownFileType = sourcecode.swift; path = TypesTableViewCell2.swift; sourceTree = "<group>"; };
		71B9D61929B7D5D700641097 /* TypesCollectionViewCell.swift */ = {isa = PBXFileReference; lastKnownFileType = sourcecode.swift; path = TypesCollectionViewCell.swift; sourceTree = "<group>"; };
		71B9D61B29B7D5F800641097 /* TypesCollectionViewCellScreen.swift */ = {isa = PBXFileReference; lastKnownFileType = sourcecode.swift; path = TypesCollectionViewCellScreen.swift; sourceTree = "<group>"; };
		71B9D61E29B7DC6C00641097 /* FamousCollectionViewCellScreen.swift */ = {isa = PBXFileReference; lastKnownFileType = sourcecode.swift; path = FamousCollectionViewCellScreen.swift; sourceTree = "<group>"; };
		71B9D62029B7DC7B00641097 /* FamousCollectionViewCell.swift */ = {isa = PBXFileReference; lastKnownFileType = sourcecode.swift; path = FamousCollectionViewCell.swift; sourceTree = "<group>"; };
		71B9D62229B7DC9B00641097 /* Famous.swift */ = {isa = PBXFileReference; lastKnownFileType = sourcecode.swift; path = Famous.swift; sourceTree = "<group>"; };
		71B9D63F29BA96BE00641097 /* Home.swift */ = {isa = PBXFileReference; lastKnownFileType = sourcecode.swift; path = Home.swift; sourceTree = "<group>"; };
		71B9D64229BA9DC200641097 /* TypesTableViewCell.swift */ = {isa = PBXFileReference; lastKnownFileType = sourcecode.swift; path = TypesTableViewCell.swift; sourceTree = "<group>"; };
		71B9D64429BA9E2900641097 /* TypesTableViewCellScreen.swift */ = {isa = PBXFileReference; lastKnownFileType = sourcecode.swift; path = TypesTableViewCellScreen.swift; sourceTree = "<group>"; };
		79717D8E29B68E930061AEBC /* iPoke.app */ = {isa = PBXFileReference; explicitFileType = wrapper.application; includeInIndex = 0; path = iPoke.app; sourceTree = BUILT_PRODUCTS_DIR; };
		79717D9129B68E930061AEBC /* AppDelegate.swift */ = {isa = PBXFileReference; lastKnownFileType = sourcecode.swift; path = AppDelegate.swift; sourceTree = "<group>"; };
		79717D9329B68E930061AEBC /* SceneDelegate.swift */ = {isa = PBXFileReference; lastKnownFileType = sourcecode.swift; path = SceneDelegate.swift; sourceTree = "<group>"; };
		79717D9529B68E930061AEBC /* ViewController.swift */ = {isa = PBXFileReference; lastKnownFileType = sourcecode.swift; path = ViewController.swift; sourceTree = "<group>"; };
		79717D9829B68E930061AEBC /* Base */ = {isa = PBXFileReference; lastKnownFileType = file.storyboard; name = Base; path = Base.lproj/Main.storyboard; sourceTree = "<group>"; };
		79717D9A29B68E950061AEBC /* Assets.xcassets */ = {isa = PBXFileReference; lastKnownFileType = folder.assetcatalog; path = Assets.xcassets; sourceTree = "<group>"; };
		79717D9D29B68E950061AEBC /* Base */ = {isa = PBXFileReference; lastKnownFileType = file.storyboard; name = Base; path = Base.lproj/LaunchScreen.storyboard; sourceTree = "<group>"; };
		79717D9F29B68E950061AEBC /* Info.plist */ = {isa = PBXFileReference; lastKnownFileType = text.plist.xml; path = Info.plist; sourceTree = "<group>"; };
/* End PBXFileReference section */

/* Begin PBXFrameworksBuildPhase section */
		79717D8B29B68E930061AEBC /* Frameworks */ = {
			isa = PBXFrameworksBuildPhase;
			buildActionMask = 2147483647;
			files = (
			);
			runOnlyForDeploymentPostprocessing = 0;
		};
/* End PBXFrameworksBuildPhase section */

/* Begin PBXGroup section */
		632E0AA629C0F1330097DF6D /* ForgotPassword */ = {
			isa = PBXGroup;
			children = (
				632E0AA729C0F1510097DF6D /* ForgotPasswordViewController.swift */,
				632E0AA929C0F1650097DF6D /* ForgotPassword.storyboard */,
			);
			path = ForgotPassword;
			sourceTree = "<group>";
		};
		63D6692929C00476004689EA /* Profile */ = {
			isa = PBXGroup;
			children = (
				63D6692A29C004ED004689EA /* ProfileViewController.swift */,
				63D6692C29C0052D004689EA /* Profile.storyboard */,
			);
			path = Profile;
			sourceTree = "<group>";
		};
		713AFBE129B6CE5E00A7AEB1 /* Extensions */ = {
			isa = PBXGroup;
			children = (
				713AFBE229B6CE8000A7AEB1 /* UITextField.swift */,
			);
			path = Extensions;
			sourceTree = "<group>";
		};
		713AFBE429B6CEF000A7AEB1 /* Controller */ = {
			isa = PBXGroup;
			children = (
				718D464229B6A95000A4429D /* HomeViewController.swift */,
			);
			path = Controller;
			sourceTree = "<group>";
		};
		713AFBE529B6CEFE00A7AEB1 /* Screen */ = {
			isa = PBXGroup;
			children = (
				713AFBDF29B6CD5300A7AEB1 /* HomeScreen.swift */,
				71B9D63A29BA944E00641097 /* TableView */,
			);
			path = Screen;
			sourceTree = "<group>";
		};
		713AFBE629B6CF5200A7AEB1 /* Model */ = {
			isa = PBXGroup;
			children = (
				713AFBE729B6CFF200A7AEB1 /* Types.swift */,
				71B9D62229B7DC9B00641097 /* Famous.swift */,
				71B9D63F29BA96BE00641097 /* Home.swift */,
				71995E8B29C34F5900EE4E94 /* News.swift */,
			);
			path = Model;
			sourceTree = "<group>";
		};
		718D463C29B6A7A000A4429D /* Home */ = {
			isa = PBXGroup;
			children = (
				713AFBE629B6CF5200A7AEB1 /* Model */,
				713AFBE529B6CEFE00A7AEB1 /* Screen */,
				713AFBE429B6CEF000A7AEB1 /* Controller */,
			);
			path = Home;
			sourceTree = "<group>";
		};
		71995E1829C2CB0A00EE4E94 /* TypesTableViewCell */ = {
			isa = PBXGroup;
			children = (
				71B9D63929B84F4D00641097 /* CollectionView */,
			);
			path = TypesTableViewCell;
			sourceTree = "<group>";
		};
		71995E1B29C2CBDC00EE4E94 /* CustomView */ = {
			isa = PBXGroup;
			children = (
				71B9D64429BA9E2900641097 /* TypesTableViewCellScreen.swift */,
				71B9D64229BA9DC200641097 /* TypesTableViewCell.swift */,
			);
			path = CustomView;
			sourceTree = "<group>";
		};
		71995E1C29C2CD1800EE4E94 /* FamousTableViewCell */ = {
			isa = PBXGroup;
			children = (
				71995E1E29C2CD6E00EE4E94 /* CollectionView */,
			);
			path = FamousTableViewCell;
			sourceTree = "<group>";
		};
		71995E1D29C2CD5900EE4E94 /* CustomView */ = {
			isa = PBXGroup;
			children = (
				71995E2929C2E6F200EE4E94 /* FamousTableViewCellScreen.swift */,
				71995E2B29C2E71700EE4E94 /* FamousTableViewCell.swift */,
			);
			path = CustomView;
			sourceTree = "<group>";
		};
		71995E1E29C2CD6E00EE4E94 /* CollectionView */ = {
			isa = PBXGroup;
			children = (
				71B9D61D29B7DC4B00641097 /* FamousCollectionView */,
				71995E1D29C2CD5900EE4E94 /* CustomView */,
			);
			path = CollectionView;
			sourceTree = "<group>";
		};
		71995E2129C2E2C900EE4E94 /* TabBar */ = {
			isa = PBXGroup;
			children = (
				71995E2229C2E30500EE4E94 /* TabBarController.swift */,
			);
			path = TabBar;
			sourceTree = "<group>";
		};
		71995E2429C2E33100EE4E94 /* Favorite */ = {
			isa = PBXGroup;
			children = (
				71995E2529C2E35B00EE4E94 /* FavoriteController.swift */,
				71995E2729C2E42800EE4E94 /* PerfilViewController.swift */,
			);
			path = Favorite;
			sourceTree = "<group>";
		};
		71995E2D29C302DD00EE4E94 /* NewsTableViewCell */ = {
			isa = PBXGroup;
			children = (
				71995E2E29C3031400EE4E94 /* CollectionView */,
			);
			path = NewsTableViewCell;
			sourceTree = "<group>";
		};
		71995E2E29C3031400EE4E94 /* CollectionView */ = {
			isa = PBXGroup;
			children = (
				71995E2F29C3031C00EE4E94 /* NewsCollectionView */,
				71995E3029C3032E00EE4E94 /* CustomView */,
			);
			path = CollectionView;
			sourceTree = "<group>";
		};
		71995E2F29C3031C00EE4E94 /* NewsCollectionView */ = {
			isa = PBXGroup;
			children = (
				71995E3129C303D900EE4E94 /* NewsCollectionViewCellScreen.swift */,
				71995E3329C303FF00EE4E94 /* NewsCollectionViewCell.swift */,
			);
			path = NewsCollectionView;
			sourceTree = "<group>";
		};
		71995E3029C3032E00EE4E94 /* CustomView */ = {
			isa = PBXGroup;
			children = (
				71995E3529C3042700EE4E94 /* NewsTableViewCellScreen.swift */,
				71995E3729C33DE500EE4E94 /* NewsTableViewCell.swift */,
			);
			path = CustomView;
			sourceTree = "<group>";
		};
		71995E8D29C353EF00EE4E94 /* TypesTableViewCell2 */ = {
			isa = PBXGroup;
			children = (
				71995E8E29C3543100EE4E94 /* CollectionView */,
			);
			path = TypesTableViewCell2;
			sourceTree = "<group>";
		};
		71995E8E29C3543100EE4E94 /* CollectionView */ = {
			isa = PBXGroup;
			children = (
				71995E8F29C3543C00EE4E94 /* TypesCollectionView2 */,
				71995E9029C3544C00EE4E94 /* CustomView */,
			);
			path = CollectionView;
			sourceTree = "<group>";
		};
		71995E8F29C3543C00EE4E94 /* TypesCollectionView2 */ = {
			isa = PBXGroup;
			children = (
				71995E9129C3547B00EE4E94 /* TypesCollectionViewCellScreen2.swift */,
				71995E9329C354B700EE4E94 /* TypesCollectionViewCell2.swift */,
			);
			path = TypesCollectionView2;
			sourceTree = "<group>";
		};
		71995E9029C3544C00EE4E94 /* CustomView */ = {
			isa = PBXGroup;
			children = (
				71995E9529C354FB00EE4E94 /* TypesTableViewCellScreen2.swift */,
				71995E9729C3551200EE4E94 /* TypesTableViewCell2.swift */,
			);
			path = CustomView;
			sourceTree = "<group>";
		};
		71B9D61829B7D5A100641097 /* TypesCollectionView */ = {
			isa = PBXGroup;
			children = (
				71B9D61B29B7D5F800641097 /* TypesCollectionViewCellScreen.swift */,
				71B9D61929B7D5D700641097 /* TypesCollectionViewCell.swift */,
			);
			path = TypesCollectionView;
			sourceTree = "<group>";
		};
		71B9D61D29B7DC4B00641097 /* FamousCollectionView */ = {
			isa = PBXGroup;
			children = (
				71B9D61E29B7DC6C00641097 /* FamousCollectionViewCellScreen.swift */,
				71B9D62029B7DC7B00641097 /* FamousCollectionViewCell.swift */,
			);
			path = FamousCollectionView;
			sourceTree = "<group>";
		};
		71B9D63929B84F4D00641097 /* CollectionView */ = {
			isa = PBXGroup;
			children = (
				71B9D61829B7D5A100641097 /* TypesCollectionView */,
				71995E1B29C2CBDC00EE4E94 /* CustomView */,
			);
			path = CollectionView;
			sourceTree = "<group>";
		};
		71B9D63A29BA944E00641097 /* TableView */ = {
			isa = PBXGroup;
			children = (
				71995E1829C2CB0A00EE4E94 /* TypesTableViewCell */,
				71995E8D29C353EF00EE4E94 /* TypesTableViewCell2 */,
				71995E1C29C2CD1800EE4E94 /* FamousTableViewCell */,
				71995E2D29C302DD00EE4E94 /* NewsTableViewCell */,
			);
			name = TableView;
			path = ../TableView;
			sourceTree = "<group>";
		};
		79717D8529B68E930061AEBC = {
			isa = PBXGroup;
			children = (
				79717D9029B68E930061AEBC /* iPoke */,
				79717D8F29B68E930061AEBC /* Products */,
			);
			sourceTree = "<group>";
		};
		79717D8F29B68E930061AEBC /* Products */ = {
			isa = PBXGroup;
			children = (
				79717D8E29B68E930061AEBC /* iPoke.app */,
			);
			name = Products;
			sourceTree = "<group>";
		};
		79717D9029B68E930061AEBC /* iPoke */ = {
			isa = PBXGroup;
			children = (
				713AFBE129B6CE5E00A7AEB1 /* Extensions */,
				632E0AA629C0F1330097DF6D /* ForgotPassword */,
				71995E2129C2E2C900EE4E94 /* TabBar */,
				718D463C29B6A7A000A4429D /* Home */,
				71995E2429C2E33100EE4E94 /* Favorite */,
				63D6692929C00476004689EA /* Profile */,
				79717D9129B68E930061AEBC /* AppDelegate.swift */,
				79717D9329B68E930061AEBC /* SceneDelegate.swift */,
				79717D9529B68E930061AEBC /* ViewController.swift */,
				79717D9729B68E930061AEBC /* Main.storyboard */,
				79717D9A29B68E950061AEBC /* Assets.xcassets */,
				79717D9C29B68E950061AEBC /* LaunchScreen.storyboard */,
				79717D9F29B68E950061AEBC /* Info.plist */,
			);
			path = iPoke;
			sourceTree = "<group>";
		};
/* End PBXGroup section */

/* Begin PBXNativeTarget section */
		79717D8D29B68E930061AEBC /* iPoke */ = {
			isa = PBXNativeTarget;
			buildConfigurationList = 79717DA229B68E950061AEBC /* Build configuration list for PBXNativeTarget "iPoke" */;
			buildPhases = (
				79717D8A29B68E930061AEBC /* Sources */,
				79717D8B29B68E930061AEBC /* Frameworks */,
				79717D8C29B68E930061AEBC /* Resources */,
			);
			buildRules = (
			);
			dependencies = (
			);
			name = iPoke;
			productName = iPoke;
			productReference = 79717D8E29B68E930061AEBC /* iPoke.app */;
			productType = "com.apple.product-type.application";
		};
/* End PBXNativeTarget section */

/* Begin PBXProject section */
		79717D8629B68E930061AEBC /* Project object */ = {
			isa = PBXProject;
			attributes = {
				BuildIndependentTargetsInParallel = 1;
				LastSwiftUpdateCheck = 1420;
				LastUpgradeCheck = 1420;
				TargetAttributes = {
					79717D8D29B68E930061AEBC = {
						CreatedOnToolsVersion = 14.2;
					};
				};
			};
			buildConfigurationList = 79717D8929B68E930061AEBC /* Build configuration list for PBXProject "iPoke" */;
			compatibilityVersion = "Xcode 14.0";
			developmentRegion = en;
			hasScannedForEncodings = 0;
			knownRegions = (
				en,
				Base,
			);
			mainGroup = 79717D8529B68E930061AEBC;
			productRefGroup = 79717D8F29B68E930061AEBC /* Products */;
			projectDirPath = "";
			projectRoot = "";
			targets = (
				79717D8D29B68E930061AEBC /* iPoke */,
			);
		};
/* End PBXProject section */

/* Begin PBXResourcesBuildPhase section */
		79717D8C29B68E930061AEBC /* Resources */ = {
			isa = PBXResourcesBuildPhase;
			buildActionMask = 2147483647;
			files = (
				79717D9E29B68E950061AEBC /* LaunchScreen.storyboard in Resources */,
				79717D9B29B68E950061AEBC /* Assets.xcassets in Resources */,
				632E0AAA29C0F1650097DF6D /* ForgotPassword.storyboard in Resources */,
				63D6692D29C0052D004689EA /* Profile.storyboard in Resources */,
				79717D9929B68E930061AEBC /* Main.storyboard in Resources */,
			);
			runOnlyForDeploymentPostprocessing = 0;
		};
/* End PBXResourcesBuildPhase section */

/* Begin PBXSourcesBuildPhase section */
		79717D8A29B68E930061AEBC /* Sources */ = {
			isa = PBXSourcesBuildPhase;
			buildActionMask = 2147483647;
			files = (
				71995E9629C354FB00EE4E94 /* TypesTableViewCellScreen2.swift in Sources */,
				79717D9629B68E930061AEBC /* ViewController.swift in Sources */,
				79717D9229B68E930061AEBC /* AppDelegate.swift in Sources */,
				71B9D62329B7DC9B00641097 /* Famous.swift in Sources */,
				79717D9429B68E930061AEBC /* SceneDelegate.swift in Sources */,
				71995E3829C33DE500EE4E94 /* NewsTableViewCell.swift in Sources */,
				71995E2C29C2E71700EE4E94 /* FamousTableViewCell.swift in Sources */,
				71995E3629C3042700EE4E94 /* NewsTableViewCellScreen.swift in Sources */,
				713AFBE829B6CFF200A7AEB1 /* Types.swift in Sources */,
				63D6692B29C004ED004689EA /* ProfileViewController.swift in Sources */,
				632E0AA829C0F1510097DF6D /* ForgotPasswordViewController.swift in Sources */,
				71B9D64529BA9E2900641097 /* TypesTableViewCellScreen.swift in Sources */,
				71995E2A29C2E6F200EE4E94 /* FamousTableViewCellScreen.swift in Sources */,
				71B9D61F29B7DC6C00641097 /* FamousCollectionViewCellScreen.swift in Sources */,
				71B9D61A29B7D5D700641097 /* TypesCollectionViewCell.swift in Sources */,
				71995E2329C2E30500EE4E94 /* TabBarController.swift in Sources */,
				71B9D61C29B7D5F800641097 /* TypesCollectionViewCellScreen.swift in Sources */,
				71995E2829C2E42800EE4E94 /* PerfilViewController.swift in Sources */,
				713AFBE329B6CE8000A7AEB1 /* UITextField.swift in Sources */,
				71995E3229C303D900EE4E94 /* NewsCollectionViewCellScreen.swift in Sources */,
				71B9D64029BA96BE00641097 /* Home.swift in Sources */,
				71B9D64329BA9DC200641097 /* TypesTableViewCell.swift in Sources */,
				71995E9429C354B700EE4E94 /* TypesCollectionViewCell2.swift in Sources */,
				71995E9229C3547B00EE4E94 /* TypesCollectionViewCellScreen2.swift in Sources */,
				71995E8C29C34F5900EE4E94 /* News.swift in Sources */,
				71995E3429C303FF00EE4E94 /* NewsCollectionViewCell.swift in Sources */,
				71995E2629C2E35B00EE4E94 /* FavoriteController.swift in Sources */,
				713AFBE029B6CD5300A7AEB1 /* HomeScreen.swift in Sources */,
				718D464329B6A95000A4429D /* HomeViewController.swift in Sources */,
				71B9D62129B7DC7B00641097 /* FamousCollectionViewCell.swift in Sources */,
				71995E9829C3551200EE4E94 /* TypesTableViewCell2.swift in Sources */,
			);
			runOnlyForDeploymentPostprocessing = 0;
		};
/* End PBXSourcesBuildPhase section */

/* Begin PBXVariantGroup section */
		79717D9729B68E930061AEBC /* Main.storyboard */ = {
			isa = PBXVariantGroup;
			children = (
				79717D9829B68E930061AEBC /* Base */,
			);
			name = Main.storyboard;
			sourceTree = "<group>";
		};
		79717D9C29B68E950061AEBC /* LaunchScreen.storyboard */ = {
			isa = PBXVariantGroup;
			children = (
				79717D9D29B68E950061AEBC /* Base */,
			);
			name = LaunchScreen.storyboard;
			sourceTree = "<group>";
		};
/* End PBXVariantGroup section */

/* Begin XCBuildConfiguration section */
		79717DA029B68E950061AEBC /* Debug */ = {
			isa = XCBuildConfiguration;
			buildSettings = {
				ALWAYS_SEARCH_USER_PATHS = NO;
				CLANG_ANALYZER_NONNULL = YES;
				CLANG_ANALYZER_NUMBER_OBJECT_CONVERSION = YES_AGGRESSIVE;
				CLANG_CXX_LANGUAGE_STANDARD = "gnu++20";
				CLANG_ENABLE_MODULES = YES;
				CLANG_ENABLE_OBJC_ARC = YES;
				CLANG_ENABLE_OBJC_WEAK = YES;
				CLANG_WARN_BLOCK_CAPTURE_AUTORELEASING = YES;
				CLANG_WARN_BOOL_CONVERSION = YES;
				CLANG_WARN_COMMA = YES;
				CLANG_WARN_CONSTANT_CONVERSION = YES;
				CLANG_WARN_DEPRECATED_OBJC_IMPLEMENTATIONS = YES;
				CLANG_WARN_DIRECT_OBJC_ISA_USAGE = YES_ERROR;
				CLANG_WARN_DOCUMENTATION_COMMENTS = YES;
				CLANG_WARN_EMPTY_BODY = YES;
				CLANG_WARN_ENUM_CONVERSION = YES;
				CLANG_WARN_INFINITE_RECURSION = YES;
				CLANG_WARN_INT_CONVERSION = YES;
				CLANG_WARN_NON_LITERAL_NULL_CONVERSION = YES;
				CLANG_WARN_OBJC_IMPLICIT_RETAIN_SELF = YES;
				CLANG_WARN_OBJC_LITERAL_CONVERSION = YES;
				CLANG_WARN_OBJC_ROOT_CLASS = YES_ERROR;
				CLANG_WARN_QUOTED_INCLUDE_IN_FRAMEWORK_HEADER = YES;
				CLANG_WARN_RANGE_LOOP_ANALYSIS = YES;
				CLANG_WARN_STRICT_PROTOTYPES = YES;
				CLANG_WARN_SUSPICIOUS_MOVE = YES;
				CLANG_WARN_UNGUARDED_AVAILABILITY = YES_AGGRESSIVE;
				CLANG_WARN_UNREACHABLE_CODE = YES;
				CLANG_WARN__DUPLICATE_METHOD_MATCH = YES;
				COPY_PHASE_STRIP = NO;
				DEBUG_INFORMATION_FORMAT = dwarf;
				ENABLE_STRICT_OBJC_MSGSEND = YES;
				ENABLE_TESTABILITY = YES;
				GCC_C_LANGUAGE_STANDARD = gnu11;
				GCC_DYNAMIC_NO_PIC = NO;
				GCC_NO_COMMON_BLOCKS = YES;
				GCC_OPTIMIZATION_LEVEL = 0;
				GCC_PREPROCESSOR_DEFINITIONS = (
					"DEBUG=1",
					"$(inherited)",
				);
				GCC_WARN_64_TO_32_BIT_CONVERSION = YES;
				GCC_WARN_ABOUT_RETURN_TYPE = YES_ERROR;
				GCC_WARN_UNDECLARED_SELECTOR = YES;
				GCC_WARN_UNINITIALIZED_AUTOS = YES_AGGRESSIVE;
				GCC_WARN_UNUSED_FUNCTION = YES;
				GCC_WARN_UNUSED_VARIABLE = YES;
				IPHONEOS_DEPLOYMENT_TARGET = 16.2;
				MTL_ENABLE_DEBUG_INFO = INCLUDE_SOURCE;
				MTL_FAST_MATH = YES;
				ONLY_ACTIVE_ARCH = YES;
				SDKROOT = iphoneos;
				SWIFT_ACTIVE_COMPILATION_CONDITIONS = DEBUG;
				SWIFT_OPTIMIZATION_LEVEL = "-Onone";
			};
			name = Debug;
		};
		79717DA129B68E950061AEBC /* Release */ = {
			isa = XCBuildConfiguration;
			buildSettings = {
				ALWAYS_SEARCH_USER_PATHS = NO;
				CLANG_ANALYZER_NONNULL = YES;
				CLANG_ANALYZER_NUMBER_OBJECT_CONVERSION = YES_AGGRESSIVE;
				CLANG_CXX_LANGUAGE_STANDARD = "gnu++20";
				CLANG_ENABLE_MODULES = YES;
				CLANG_ENABLE_OBJC_ARC = YES;
				CLANG_ENABLE_OBJC_WEAK = YES;
				CLANG_WARN_BLOCK_CAPTURE_AUTORELEASING = YES;
				CLANG_WARN_BOOL_CONVERSION = YES;
				CLANG_WARN_COMMA = YES;
				CLANG_WARN_CONSTANT_CONVERSION = YES;
				CLANG_WARN_DEPRECATED_OBJC_IMPLEMENTATIONS = YES;
				CLANG_WARN_DIRECT_OBJC_ISA_USAGE = YES_ERROR;
				CLANG_WARN_DOCUMENTATION_COMMENTS = YES;
				CLANG_WARN_EMPTY_BODY = YES;
				CLANG_WARN_ENUM_CONVERSION = YES;
				CLANG_WARN_INFINITE_RECURSION = YES;
				CLANG_WARN_INT_CONVERSION = YES;
				CLANG_WARN_NON_LITERAL_NULL_CONVERSION = YES;
				CLANG_WARN_OBJC_IMPLICIT_RETAIN_SELF = YES;
				CLANG_WARN_OBJC_LITERAL_CONVERSION = YES;
				CLANG_WARN_OBJC_ROOT_CLASS = YES_ERROR;
				CLANG_WARN_QUOTED_INCLUDE_IN_FRAMEWORK_HEADER = YES;
				CLANG_WARN_RANGE_LOOP_ANALYSIS = YES;
				CLANG_WARN_STRICT_PROTOTYPES = YES;
				CLANG_WARN_SUSPICIOUS_MOVE = YES;
				CLANG_WARN_UNGUARDED_AVAILABILITY = YES_AGGRESSIVE;
				CLANG_WARN_UNREACHABLE_CODE = YES;
				CLANG_WARN__DUPLICATE_METHOD_MATCH = YES;
				COPY_PHASE_STRIP = NO;
				DEBUG_INFORMATION_FORMAT = "dwarf-with-dsym";
				ENABLE_NS_ASSERTIONS = NO;
				ENABLE_STRICT_OBJC_MSGSEND = YES;
				GCC_C_LANGUAGE_STANDARD = gnu11;
				GCC_NO_COMMON_BLOCKS = YES;
				GCC_WARN_64_TO_32_BIT_CONVERSION = YES;
				GCC_WARN_ABOUT_RETURN_TYPE = YES_ERROR;
				GCC_WARN_UNDECLARED_SELECTOR = YES;
				GCC_WARN_UNINITIALIZED_AUTOS = YES_AGGRESSIVE;
				GCC_WARN_UNUSED_FUNCTION = YES;
				GCC_WARN_UNUSED_VARIABLE = YES;
				IPHONEOS_DEPLOYMENT_TARGET = 16.2;
				MTL_ENABLE_DEBUG_INFO = NO;
				MTL_FAST_MATH = YES;
				SDKROOT = iphoneos;
				SWIFT_COMPILATION_MODE = wholemodule;
				SWIFT_OPTIMIZATION_LEVEL = "-O";
				VALIDATE_PRODUCT = YES;
			};
			name = Release;
		};
		79717DA329B68E950061AEBC /* Debug */ = {
			isa = XCBuildConfiguration;
			buildSettings = {
				ASSETCATALOG_COMPILER_APPICON_NAME = AppIcon;
				ASSETCATALOG_COMPILER_GLOBAL_ACCENT_COLOR_NAME = AccentColor;
				CODE_SIGN_STYLE = Automatic;
				CURRENT_PROJECT_VERSION = 1;
				DEVELOPMENT_TEAM = DR6UHJF8KP;
				GENERATE_INFOPLIST_FILE = YES;
				INFOPLIST_FILE = iPoke/Info.plist;
				INFOPLIST_KEY_UIApplicationSupportsIndirectInputEvents = YES;
				INFOPLIST_KEY_UILaunchStoryboardName = LaunchScreen;
				INFOPLIST_KEY_UIMainStoryboardFile = Main;
				INFOPLIST_KEY_UISupportedInterfaceOrientations_iPad = "UIInterfaceOrientationPortrait UIInterfaceOrientationPortraitUpsideDown UIInterfaceOrientationLandscapeLeft UIInterfaceOrientationLandscapeRight";
				INFOPLIST_KEY_UISupportedInterfaceOrientations_iPhone = "UIInterfaceOrientationPortrait UIInterfaceOrientationLandscapeLeft UIInterfaceOrientationLandscapeRight";
				IPHONEOS_DEPLOYMENT_TARGET = 15.0;
				LD_RUNPATH_SEARCH_PATHS = (
					"$(inherited)",
					"@executable_path/Frameworks",
				);
				MARKETING_VERSION = 1.0;
				PRODUCT_BUNDLE_IDENTIFIER = wcovi.iPoke;
				PRODUCT_NAME = "$(TARGET_NAME)";
				SUPPORTED_PLATFORMS = "iphoneos iphonesimulator";
				SUPPORTS_MACCATALYST = NO;
				SUPPORTS_MAC_DESIGNED_FOR_IPHONE_IPAD = NO;
				SWIFT_EMIT_LOC_STRINGS = YES;
				SWIFT_VERSION = 5.0;
				TARGETED_DEVICE_FAMILY = 1;
			};
			name = Debug;
		};
		79717DA429B68E950061AEBC /* Release */ = {
			isa = XCBuildConfiguration;
			buildSettings = {
				ASSETCATALOG_COMPILER_APPICON_NAME = AppIcon;
				ASSETCATALOG_COMPILER_GLOBAL_ACCENT_COLOR_NAME = AccentColor;
				CODE_SIGN_STYLE = Automatic;
				CURRENT_PROJECT_VERSION = 1;
				DEVELOPMENT_TEAM = DR6UHJF8KP;
				GENERATE_INFOPLIST_FILE = YES;
				INFOPLIST_FILE = iPoke/Info.plist;
				INFOPLIST_KEY_UIApplicationSupportsIndirectInputEvents = YES;
				INFOPLIST_KEY_UILaunchStoryboardName = LaunchScreen;
				INFOPLIST_KEY_UIMainStoryboardFile = Main;
				INFOPLIST_KEY_UISupportedInterfaceOrientations_iPad = "UIInterfaceOrientationPortrait UIInterfaceOrientationPortraitUpsideDown UIInterfaceOrientationLandscapeLeft UIInterfaceOrientationLandscapeRight";
				INFOPLIST_KEY_UISupportedInterfaceOrientations_iPhone = "UIInterfaceOrientationPortrait UIInterfaceOrientationLandscapeLeft UIInterfaceOrientationLandscapeRight";
				IPHONEOS_DEPLOYMENT_TARGET = 15.0;
				LD_RUNPATH_SEARCH_PATHS = (
					"$(inherited)",
					"@executable_path/Frameworks",
				);
				MARKETING_VERSION = 1.0;
				PRODUCT_BUNDLE_IDENTIFIER = wcovi.iPoke;
				PRODUCT_NAME = "$(TARGET_NAME)";
				SUPPORTED_PLATFORMS = "iphoneos iphonesimulator";
				SUPPORTS_MACCATALYST = NO;
				SUPPORTS_MAC_DESIGNED_FOR_IPHONE_IPAD = NO;
				SWIFT_EMIT_LOC_STRINGS = YES;
				SWIFT_VERSION = 5.0;
				TARGETED_DEVICE_FAMILY = 1;
			};
			name = Release;
		};
/* End XCBuildConfiguration section */

/* Begin XCConfigurationList section */
		79717D8929B68E930061AEBC /* Build configuration list for PBXProject "iPoke" */ = {
			isa = XCConfigurationList;
			buildConfigurations = (
				79717DA029B68E950061AEBC /* Debug */,
				79717DA129B68E950061AEBC /* Release */,
			);
			defaultConfigurationIsVisible = 0;
			defaultConfigurationName = Release;
		};
		79717DA229B68E950061AEBC /* Build configuration list for PBXNativeTarget "iPoke" */ = {
			isa = XCConfigurationList;
			buildConfigurations = (
				79717DA329B68E950061AEBC /* Debug */,
				79717DA429B68E950061AEBC /* Release */,
			);
			defaultConfigurationIsVisible = 0;
			defaultConfigurationName = Release;
		};
/* End XCConfigurationList section */
	};
	rootObject = 79717D8629B68E930061AEBC /* Project object */;
}
